
Microsoft Visual Studio Solution File, Format Version 12.00
# Visual Studio Version 17
VisualStudioVersion = 17.3.32929.385
MinimumVisualStudioVersion = 10.0.40219.1
Project("{FAE04EC0-301F-11D3-BF4B-00C04F79EFBC}") = "Uppgift1_Personalregister", "Uppgift1_Personalregister\Uppgift1_Personalregister.csproj", "{E83DD7BE-B8AA-4489-8B88-2FEA86F3A521}"
EndProject
Global
	GlobalSection(SolutionConfigurationPlatforms) = preSolution
		Debug|Any CPU = Debug|Any CPU
		Release|Any CPU = Release|Any CPU
	EndGlobalSection
	GlobalSection(ProjectConfigurationPlatforms) = postSolution
		{E83DD7BE-B8AA-4489-8B88-2FEA86F3A521}.Debug|Any CPU.ActiveCfg = Debug|Any CPU
		{E83DD7BE-B8AA-4489-8B88-2FEA86F3A521}.Debug|Any CPU.Build.0 = Debug|Any CPU
		{E83DD7BE-B8AA-4489-8B88-2FEA86F3A521}.Release|Any CPU.ActiveCfg = Release|Any CPU
		{E83DD7BE-B8AA-4489-8B88-2FEA86F3A521}.Release|Any CPU.Build.0 = Release|Any CPU
	EndGlobalSection
	GlobalSection(SolutionProperties) = preSolution
		HideSolutionNode = FALSE
	EndGlobalSection
	GlobalSection(ExtensibilityGlobals) = postSolution
		SolutionGuid = {730381BB-6B1A-470A-BA2E-863C471803C5}
	EndGlobalSection
EndGlobal
